
Microsoft Visual Studio Solution File, Format Version 12.00
# Visual Studio Version 16
VisualStudioVersion = 16.0.31205.134
MinimumVisualStudioVersion = 10.0.40219.1
Project("{FAE04EC0-301F-11D3-BF4B-00C04F79EFBC}") = "CKANOpenDataImport", "CKANOpenDataImport.csproj", "{A0CCBE3E-79CE-4A9F-9D4B-2B01CF772857}"
EndProject
Global
	GlobalSection(SolutionConfigurationPlatforms) = preSolution
		Debug|Any CPU = Debug|Any CPU
		Release|Any CPU = Release|Any CPU
	EndGlobalSection
	GlobalSection(ProjectConfigurationPlatforms) = postSolution
		{A0CCBE3E-79CE-4A9F-9D4B-2B01CF772857}.Debug|Any CPU.ActiveCfg = Debug|Any CPU
		{A0CCBE3E-79CE-4A9F-9D4B-2B01CF772857}.Debug|Any CPU.Build.0 = Debug|Any CPU
		{A0CCBE3E-79CE-4A9F-9D4B-2B01CF772857}.Release|Any CPU.ActiveCfg = Release|Any CPU
		{A0CCBE3E-79CE-4A9F-9D4B-2B01CF772857}.Release|Any CPU.Build.0 = Release|Any CPU
	EndGlobalSection
	GlobalSection(SolutionProperties) = preSolution
		HideSolutionNode = FALSE
	EndGlobalSection
	GlobalSection(ExtensibilityGlobals) = postSolution
		SolutionGuid = {0AFD7264-9187-4825-AD87-A6845D497146}
	EndGlobalSection
EndGlobal
